// !$*UTF8*$!
{
	archiveVersion = 1;
	classes = {
	};
	objectVersion = 50;
	objects = {

/* Begin PBXBuildFile section */
		CC05D91126490B82002D0A65 /* ModelBindingApp.swift in Sources */ = {isa = PBXBuildFile; fileRef = CC05D91026490B82002D0A65 /* ModelBindingApp.swift */; };
		CC05D91326490B82002D0A65 /* ContentView.swift in Sources */ = {isa = PBXBuildFile; fileRef = CC05D91226490B82002D0A65 /* ContentView.swift */; };
		CC05D91526490B83002D0A65 /* Assets.xcassets in Resources */ = {isa = PBXBuildFile; fileRef = CC05D91426490B83002D0A65 /* Assets.xcassets */; };
		CC05D91826490B83002D0A65 /* Preview Assets.xcassets in Resources */ = {isa = PBXBuildFile; fileRef = CC05D91726490B83002D0A65 /* Preview Assets.xcassets */; };
		CC05D92326490B83002D0A65 /* ModelBindingTests.swift in Sources */ = {isa = PBXBuildFile; fileRef = CC05D92226490B83002D0A65 /* ModelBindingTests.swift */; };
		CC05D92E26490B83002D0A65 /* ModelBindingUITests.swift in Sources */ = {isa = PBXBuildFile; fileRef = CC05D92D26490B83002D0A65 /* ModelBindingUITests.swift */; };
/* End PBXBuildFile section */

/* Begin PBXContainerItemProxy section */
		CC05D91F26490B83002D0A65 /* PBXContainerItemProxy */ = {
			isa = PBXContainerItemProxy;
			containerPortal = CC05D90526490B81002D0A65 /* Project object */;
			proxyType = 1;
			remoteGlobalIDString = CC05D90C26490B81002D0A65;
			remoteInfo = ModelBinding;
		};
		CC05D92A26490B83002D0A65 /* PBXContainerItemProxy */ = {
			isa = PBXContainerItemProxy;
			containerPortal = CC05D90526490B81002D0A65 /* Project object */;
			proxyType = 1;
			remoteGlobalIDString = CC05D90C26490B81002D0A65;
			remoteInfo = ModelBinding;
		};
/* End PBXContainerItemProxy section */

/* Begin PBXFileReference section */
		CC05D90D26490B82002D0A65 /* ModelBinding.app */ = {isa = PBXFileReference; explicitFileType = wrapper.application; includeInIndex = 0; path = ModelBinding.app; sourceTree = BUILT_PRODUCTS_DIR; };
		CC05D91026490B82002D0A65 /* ModelBindingApp.swift */ = {isa = PBXFileReference; lastKnownFileType = sourcecode.swift; path = ModelBindingApp.swift; sourceTree = "<group>"; };
		CC05D91226490B82002D0A65 /* ContentView.swift */ = {isa = PBXFileReference; lastKnownFileType = sourcecode.swift; path = ContentView.swift; sourceTree = "<group>"; };
		CC05D91426490B83002D0A65 /* Assets.xcassets */ = {isa = PBXFileReference; lastKnownFileType = folder.assetcatalog; path = Assets.xcassets; sourceTree = "<group>"; };
		CC05D91726490B83002D0A65 /* Preview Assets.xcassets */ = {isa = PBXFileReference; lastKnownFileType = folder.assetcatalog; path = "Preview Assets.xcassets"; sourceTree = "<group>"; };
		CC05D91926490B83002D0A65 /* Info.plist */ = {isa = PBXFileReference; lastKnownFileType = text.plist.xml; path = Info.plist; sourceTree = "<group>"; };
		CC05D91E26490B83002D0A65 /* ModelBindingTests.xctest */ = {isa = PBXFileReference; explicitFileType = wrapper.cfbundle; includeInIndex = 0; path = ModelBindingTests.xctest; sourceTree = BUILT_PRODUCTS_DIR; };
		CC05D92226490B83002D0A65 /* ModelBindingTests.swift */ = {isa = PBXFileReference; lastKnownFileType = sourcecode.swift; path = ModelBindingTests.swift; sourceTree = "<group>"; };
		CC05D92426490B83002D0A65 /* Info.plist */ = {isa = PBXFileReference; lastKnownFileType = text.plist.xml; path = Info.plist; sourceTree = "<group>"; };
		CC05D92926490B83002D0A65 /* ModelBindingUITests.xctest */ = {isa = PBXFileReference; explicitFileType = wrapper.cfbundle; includeInIndex = 0; path = ModelBindingUITests.xctest; sourceTree = BUILT_PRODUCTS_DIR; };
		CC05D92D26490B83002D0A65 /* ModelBindingUITests.swift */ = {isa = PBXFileReference; lastKnownFileType = sourcecode.swift; path = ModelBindingUITests.swift; sourceTree = "<group>"; };
		CC05D92F26490B83002D0A65 /* Info.plist */ = {isa = PBXFileReference; lastKnownFileType = text.plist.xml; path = Info.plist; sourceTree = "<group>"; };
/* End PBXFileReference section */

/* Begin PBXFrameworksBuildPhase section */
		CC05D90A26490B81002D0A65 /* Frameworks */ = {
			isa = PBXFrameworksBuildPhase;
			buildActionMask = 2147483647;
			files = (
			);
			runOnlyForDeploymentPostprocessing = 0;
		};
		CC05D91B26490B83002D0A65 /* Frameworks */ = {
			isa = PBXFrameworksBuildPhase;
			buildActionMask = 2147483647;
			files = (
			);
			runOnlyForDeploymentPostprocessing = 0;
		};
		CC05D92626490B83002D0A65 /* Frameworks */ = {
			isa = PBXFrameworksBuildPhase;
			buildActionMask = 2147483647;
			files = (
			);
			runOnlyForDeploymentPostprocessing = 0;
		};
/* End PBXFrameworksBuildPhase section */

/* Begin PBXGroup section */
		CC05D90426490B81002D0A65 = {
			isa = PBXGroup;
			children = (
				CC05D90F26490B82002D0A65 /* ModelBinding */,
				CC05D92126490B83002D0A65 /* ModelBindingTests */,
				CC05D92C26490B83002D0A65 /* ModelBindingUITests */,
				CC05D90E26490B82002D0A65 /* Products */,
			);
			sourceTree = "<group>";
		};
		CC05D90E26490B82002D0A65 /* Products */ = {
			isa = PBXGroup;
			children = (
				CC05D90D26490B82002D0A65 /* ModelBinding.app */,
				CC05D91E26490B83002D0A65 /* ModelBindingTests.xctest */,
				CC05D92926490B83002D0A65 /* ModelBindingUITests.xctest */,
			);
			name = Products;
			sourceTree = "<group>";
		};
		CC05D90F26490B82002D0A65 /* ModelBinding */ = {
			isa = PBXGroup;
			children = (
				CC05D91026490B82002D0A65 /* ModelBindingApp.swift */,
				CC05D91226490B82002D0A65 /* ContentView.swift */,
				CC05D91426490B83002D0A65 /* Assets.xcassets */,
				CC05D91926490B83002D0A65 /* Info.plist */,
				CC05D91626490B83002D0A65 /* Preview Content */,
			);
			path = ModelBinding;
			sourceTree = "<group>";
		};
		CC05D91626490B83002D0A65 /* Preview Content */ = {
			isa = PBXGroup;
			children = (
				CC05D91726490B83002D0A65 /* Preview Assets.xcassets */,
			);
			path = "Preview Content";
			sourceTree = "<group>";
		};
		CC05D92126490B83002D0A65 /* ModelBindingTests */ = {
			isa = PBXGroup;
			children = (
				CC05D92226490B83002D0A65 /* ModelBindingTests.swift */,
				CC05D92426490B83002D0A65 /* Info.plist */,
			);
			path = ModelBindingTests;
			sourceTree = "<group>";
		};
		CC05D92C26490B83002D0A65 /* ModelBindingUITests */ = {
			isa = PBXGroup;
			children = (
				CC05D92D26490B83002D0A65 /* ModelBindingUITests.swift */,
				CC05D92F26490B83002D0A65 /* Info.plist */,
			);
			path = ModelBindingUITests;
			sourceTree = "<group>";
		};
/* End PBXGroup section */

/* Begin PBXNativeTarget section */
		CC05D90C26490B81002D0A65 /* ModelBinding */ = {
			isa = PBXNativeTarget;
			buildConfigurationList = CC05D93226490B83002D0A65 /* Build configuration list for PBXNativeTarget "ModelBinding" */;
			buildPhases = (
				CC05D90926490B81002D0A65 /* Sources */,
				CC05D90A26490B81002D0A65 /* Frameworks */,
				CC05D90B26490B81002D0A65 /* Resources */,
			);
			buildRules = (
			);
			dependencies = (
			);
			name = ModelBinding;
			productName = ModelBinding;
			productReference = CC05D90D26490B82002D0A65 /* ModelBinding.app */;
			productType = "com.apple.product-type.application";
		};
		CC05D91D26490B83002D0A65 /* ModelBindingTests */ = {
			isa = PBXNativeTarget;
			buildConfigurationList = CC05D93526490B83002D0A65 /* Build configuration list for PBXNativeTarget "ModelBindingTests" */;
			buildPhases = (
				CC05D91A26490B83002D0A65 /* Sources */,
				CC05D91B26490B83002D0A65 /* Frameworks */,
				CC05D91C26490B83002D0A65 /* Resources */,
			);
			buildRules = (
			);
			dependencies = (
				CC05D92026490B83002D0A65 /* PBXTargetDependency */,
			);
			name = ModelBindingTests;
			productName = ModelBindingTests;
			productReference = CC05D91E26490B83002D0A65 /* ModelBindingTests.xctest */;
			productType = "com.apple.product-type.bundle.unit-test";
		};
		CC05D92826490B83002D0A65 /* ModelBindingUITests */ = {
			isa = PBXNativeTarget;
			buildConfigurationList = CC05D93826490B83002D0A65 /* Build configuration list for PBXNativeTarget "ModelBindingUITests" */;
			buildPhases = (
				CC05D92526490B83002D0A65 /* Sources */,
				CC05D92626490B83002D0A65 /* Frameworks */,
				CC05D92726490B83002D0A65 /* Resources */,
			);
			buildRules = (
			);
			dependencies = (
				CC05D92B26490B83002D0A65 /* PBXTargetDependency */,
			);
			name = ModelBindingUITests;
			productName = ModelBindingUITests;
			productReference = CC05D92926490B83002D0A65 /* ModelBindingUITests.xctest */;
			productType = "com.apple.product-type.bundle.ui-testing";
		};
/* End PBXNativeTarget section */

/* Begin PBXProject section */
		CC05D90526490B81002D0A65 /* Project object */ = {
			isa = PBXProject;
			attributes = {
				LastSwiftUpdateCheck = 1250;
				LastUpgradeCheck = 1250;
				TargetAttributes = {
					CC05D90C26490B81002D0A65 = {
						CreatedOnToolsVersion = 12.5;
					};
					CC05D91D26490B83002D0A65 = {
						CreatedOnToolsVersion = 12.5;
						TestTargetID = CC05D90C26490B81002D0A65;
					};
					CC05D92826490B83002D0A65 = {
						CreatedOnToolsVersion = 12.5;
						TestTargetID = CC05D90C26490B81002D0A65;
					};
				};
			};
			buildConfigurationList = CC05D90826490B81002D0A65 /* Build configuration list for PBXProject "ModelBinding" */;
			compatibilityVersion = "Xcode 9.3";
			developmentRegion = en;
			hasScannedForEncodings = 0;
			knownRegions = (
				en,
				Base,
			);
			mainGroup = CC05D90426490B81002D0A65;
			productRefGroup = CC05D90E26490B82002D0A65 /* Products */;
			projectDirPath = "";
			projectRoot = "";
			targets = (
				CC05D90C26490B81002D0A65 /* ModelBinding */,
				CC05D91D26490B83002D0A65 /* ModelBindingTests */,
				CC05D92826490B83002D0A65 /* ModelBindingUITests */,
			);
		};
/* End PBXProject section */

/* Begin PBXResourcesBuildPhase section */
		CC05D90B26490B81002D0A65 /* Resources */ = {
			isa = PBXResourcesBuildPhase;
			buildActionMask = 2147483647;
			files = (
				CC05D91826490B83002D0A65 /* Preview Assets.xcassets in Resources */,
				CC05D91526490B83002D0A65 /* Assets.xcassets in Resources */,
			);
			runOnlyForDeploymentPostprocessing = 0;
		};
		CC05D91C26490B83002D0A65 /* Resources */ = {
			isa = PBXResourcesBuildPhase;
			buildActionMask = 2147483647;
			files = (
			);
			runOnlyForDeploymentPostprocessing = 0;
		};
		CC05D92726490B83002D0A65 /* Resources */ = {
			isa = PBXResourcesBuildPhase;
			buildActionMask = 2147483647;
			files = (
			);
			runOnlyForDeploymentPostprocessing = 0;
		};
/* End PBXResourcesBuildPhase section */

/* Begin PBXSourcesBuildPhase section */
		CC05D90926490B81002D0A65 /* Sources */ = {
			isa = PBXSourcesBuildPhase;
			buildActionMask = 2147483647;
			files = (
				CC05D91326490B82002D0A65 /* ContentView.swift in Sources */,
				CC05D91126490B82002D0A65 /* ModelBindingApp.swift in Sources */,
			);
			runOnlyForDeploymentPostprocessing = 0;
		};
		CC05D91A26490B83002D0A65 /* Sources */ = {
			isa = PBXSourcesBuildPhase;
			buildActionMask = 2147483647;
			files = (
				CC05D92326490B83002D0A65 /* ModelBindingTests.swift in Sources */,
			);
			runOnlyForDeploymentPostprocessing = 0;
		};
		CC05D92526490B83002D0A65 /* Sources */ = {
			isa = PBXSourcesBuildPhase;
			buildActionMask = 2147483647;
			files = (
				CC05D92E26490B83002D0A65 /* ModelBindingUITests.swift in Sources */,
			);
			runOnlyForDeploymentPostprocessing = 0;
		};
/* End PBXSourcesBuildPhase section */

/* Begin PBXTargetDependency section */
		CC05D92026490B83002D0A65 /* PBXTargetDependency */ = {
			isa = PBXTargetDependency;
			target = CC05D90C26490B81002D0A65 /* ModelBinding */;
			targetProxy = CC05D91F26490B83002D0A65 /* PBXContainerItemProxy */;
		};
		CC05D92B26490B83002D0A65 /* PBXTargetDependency */ = {
			isa = PBXTargetDependency;
			target = CC05D90C26490B81002D0A65 /* ModelBinding */;
			targetProxy = CC05D92A26490B83002D0A65 /* PBXContainerItemProxy */;
		};
/* End PBXTargetDependency section */

/* Begin XCBuildConfiguration section */
		CC05D93026490B83002D0A65 /* Debug */ = {
			isa = XCBuildConfiguration;
			buildSettings = {
				ALWAYS_SEARCH_USER_PATHS = NO;
				CLANG_ANALYZER_NONNULL = YES;
				CLANG_ANALYZER_NUMBER_OBJECT_CONVERSION = YES_AGGRESSIVE;
				CLANG_CXX_LANGUAGE_STANDARD = "gnu++14";
				CLANG_CXX_LIBRARY = "libc++";
				CLANG_ENABLE_MODULES = YES;
				CLANG_ENABLE_OBJC_ARC = YES;
				CLANG_ENABLE_OBJC_WEAK = YES;
				CLANG_WARN_BLOCK_CAPTURE_AUTORELEASING = YES;
				CLANG_WARN_BOOL_CONVERSION = YES;
				CLANG_WARN_COMMA = YES;
				CLANG_WARN_CONSTANT_CONVERSION = YES;
				CLANG_WARN_DEPRECATED_OBJC_IMPLEMENTATIONS = YES;
				CLANG_WARN_DIRECT_OBJC_ISA_USAGE = YES_ERROR;
				CLANG_WARN_DOCUMENTATION_COMMENTS = YES;
				CLANG_WARN_EMPTY_BODY = YES;
				CLANG_WARN_ENUM_CONVERSION = YES;
				CLANG_WARN_INFINITE_RECURSION = YES;
				CLANG_WARN_INT_CONVERSION = YES;
				CLANG_WARN_NON_LITERAL_NULL_CONVERSION = YES;
				CLANG_WARN_OBJC_IMPLICIT_RETAIN_SELF = YES;
				CLANG_WARN_OBJC_LITERAL_CONVERSION = YES;
				CLANG_WARN_OBJC_ROOT_CLASS = YES_ERROR;
				CLANG_WARN_QUOTED_INCLUDE_IN_FRAMEWORK_HEADER = YES;
				CLANG_WARN_RANGE_LOOP_ANALYSIS = YES;
				CLANG_WARN_STRICT_PROTOTYPES = YES;
				CLANG_WARN_SUSPICIOUS_MOVE = YES;
				CLANG_WARN_UNGUARDED_AVAILABILITY = YES_AGGRESSIVE;
				CLANG_WARN_UNREACHABLE_CODE = YES;
				CLANG_WARN__DUPLICATE_METHOD_MATCH = YES;
				COPY_PHASE_STRIP = NO;
				DEBUG_INFORMATION_FORMAT = dwarf;
				ENABLE_STRICT_OBJC_MSGSEND = YES;
				ENABLE_TESTABILITY = YES;
				GCC_C_LANGUAGE_STANDARD = gnu11;
				GCC_DYNAMIC_NO_PIC = NO;
				GCC_NO_COMMON_BLOCKS = YES;
				GCC_OPTIMIZATION_LEVEL = 0;
				GCC_PREPROCESSOR_DEFINITIONS = (
					"DEBUG=1",
					"$(inherited)",
				);
				GCC_WARN_64_TO_32_BIT_CONVERSION = YES;
				GCC_WARN_ABOUT_RETURN_TYPE = YES_ERROR;
				GCC_WARN_UNDECLARED_SELECTOR = YES;
				GCC_WARN_UNINITIALIZED_AUTOS = YES_AGGRESSIVE;
				GCC_WARN_UNUSED_FUNCTION = YES;
				GCC_WARN_UNUSED_VARIABLE = YES;
				IPHONEOS_DEPLOYMENT_TARGET = 14.5;
				MTL_ENABLE_DEBUG_INFO = INCLUDE_SOURCE;
				MTL_FAST_MATH = YES;
				ONLY_ACTIVE_ARCH = YES;
				SDKROOT = iphoneos;
				SWIFT_ACTIVE_COMPILATION_CONDITIONS = DEBUG;
				SWIFT_OPTIMIZATION_LEVEL = "-Onone";
			};
			name = Debug;
		};
		CC05D93126490B83002D0A65 /* Release */ = {
			isa = XCBuildConfiguration;
			buildSettings = {
				ALWAYS_SEARCH_USER_PATHS = NO;
				CLANG_ANALYZER_NONNULL = YES;
				CLANG_ANALYZER_NUMBER_OBJECT_CONVERSION = YES_AGGRESSIVE;
				CLANG_CXX_LANGUAGE_STANDARD = "gnu++14";
				CLANG_CXX_LIBRARY = "libc++";
				CLANG_ENABLE_MODULES = YES;
				CLANG_ENABLE_OBJC_ARC = YES;
				CLANG_ENABLE_OBJC_WEAK = YES;
				CLANG_WARN_BLOCK_CAPTURE_AUTORELEASING = YES;
				CLANG_WARN_BOOL_CONVERSION = YES;
				CLANG_WARN_COMMA = YES;
				CLANG_WARN_CONSTANT_CONVERSION = YES;
				CLANG_WARN_DEPRECATED_OBJC_IMPLEMENTATIONS = YES;
				CLANG_WARN_DIRECT_OBJC_ISA_USAGE = YES_ERROR;
				CLANG_WARN_DOCUMENTATION_COMMENTS = YES;
				CLANG_WARN_EMPTY_BODY = YES;
				CLANG_WARN_ENUM_CONVERSION = YES;
				CLANG_WARN_INFINITE_RECURSION = YES;
				CLANG_WARN_INT_CONVERSION = YES;
				CLANG_WARN_NON_LITERAL_NULL_CONVERSION = YES;
				CLANG_WARN_OBJC_IMPLICIT_RETAIN_SELF = YES;
				CLANG_WARN_OBJC_LITERAL_CONVERSION = YES;
				CLANG_WARN_OBJC_ROOT_CLASS = YES_ERROR;
				CLANG_WARN_QUOTED_INCLUDE_IN_FRAMEWORK_HEADER = YES;
				CLANG_WARN_RANGE_LOOP_ANALYSIS = YES;
				CLANG_WARN_STRICT_PROTOTYPES = YES;
				CLANG_WARN_SUSPICIOUS_MOVE = YES;
				CLANG_WARN_UNGUARDED_AVAILABILITY = YES_AGGRESSIVE;
				CLANG_WARN_UNREACHABLE_CODE = YES;
				CLANG_WARN__DUPLICATE_METHOD_MATCH = YES;
				COPY_PHASE_STRIP = NO;
				DEBUG_INFORMATION_FORMAT = "dwarf-with-dsym";
				ENABLE_NS_ASSERTIONS = NO;
				ENABLE_STRICT_OBJC_MSGSEND = YES;
				GCC_C_LANGUAGE_STANDARD = gnu11;
				GCC_NO_COMMON_BLOCKS = YES;
				GCC_WARN_64_TO_32_BIT_CONVERSION = YES;
				GCC_WARN_ABOUT_RETURN_TYPE = YES_ERROR;
				GCC_WARN_UNDECLARED_SELECTOR = YES;
				GCC_WARN_UNINITIALIZED_AUTOS = YES_AGGRESSIVE;
				GCC_WARN_UNUSED_FUNCTION = YES;
				GCC_WARN_UNUSED_VARIABLE = YES;
				IPHONEOS_DEPLOYMENT_TARGET = 14.5;
				MTL_ENABLE_DEBUG_INFO = NO;
				MTL_FAST_MATH = YES;
				SDKROOT = iphoneos;
				SWIFT_COMPILATION_MODE = wholemodule;
				SWIFT_OPTIMIZATION_LEVEL = "-O";
				VALIDATE_PRODUCT = YES;
			};
			name = Release;
		};
		CC05D93326490B83002D0A65 /* Debug */ = {
			isa = XCBuildConfiguration;
			buildSettings = {
				ASSETCATALOG_COMPILER_APPICON_NAME = AppIcon;
				ASSETCATALOG_COMPILER_GLOBAL_ACCENT_COLOR_NAME = AccentColor;
				CODE_SIGN_STYLE = Automatic;
				DEVELOPMENT_ASSET_PATHS = "\"ModelBinding/Preview Content\"";
				ENABLE_PREVIEWS = YES;
				INFOPLIST_FILE = ModelBinding/Info.plist;
				IPHONEOS_DEPLOYMENT_TARGET = 14.0;
				LD_RUNPATH_SEARCH_PATHS = (
					"$(inherited)",
					"@executable_path/Frameworks",
				);
				PRODUCT_BUNDLE_IDENTIFIER = ntut.edu.tw.selab1421.no97.ModelBinding;
				PRODUCT_NAME = "$(TARGET_NAME)";
				SWIFT_VERSION = 5.0;
				TARGETED_DEVICE_FAMILY = "1,2";
			};
			name = Debug;
		};
		CC05D93426490B83002D0A65 /* Release */ = {
			isa = XCBuildConfiguration;
			buildSettings = {
				ASSETCATALOG_COMPILER_APPICON_NAME = AppIcon;
				ASSETCATALOG_COMPILER_GLOBAL_ACCENT_COLOR_NAME = AccentColor;
				CODE_SIGN_STYLE = Automatic;
				DEVELOPMENT_ASSET_PATHS = "\"ModelBinding/Preview Content\"";
				ENABLE_PREVIEWS = YES;
				INFOPLIST_FILE = ModelBinding/Info.plist;
				IPHONEOS_DEPLOYMENT_TARGET = 14.0;
				LD_RUNPATH_SEARCH_PATHS = (
					"$(inherited)",
					"@executable_path/Frameworks",
				);
				PRODUCT_BUNDLE_IDENTIFIER = ntut.edu.tw.selab1421.no97.ModelBinding;
				PRODUCT_NAME = "$(TARGET_NAME)";
				SWIFT_VERSION = 5.0;
				TARGETED_DEVICE_FAMILY = "1,2";
			};
			name = Release;
		};
		CC05D93626490B83002D0A65 /* Debug */ = {
			isa = XCBuildConfiguration;
			buildSettings = {
				ALWAYS_EMBED_SWIFT_STANDARD_LIBRARIES = YES;
				BUNDLE_LOADER = "$(TEST_HOST)";
				CODE_SIGN_STYLE = Automatic;
				INFOPLIST_FILE = ModelBindingTests/Info.plist;
				IPHONEOS_DEPLOYMENT_TARGET = 14.0;
				LD_RUNPATH_SEARCH_PATHS = (
					"$(inherited)",
					"@executable_path/Frameworks",
					"@loader_path/Frameworks",
				);
				PRODUCT_BUNDLE_IDENTIFIER = ntut.edu.tw.selab1421.no97.ModelBindingTests;
				PRODUCT_NAME = "$(TARGET_NAME)";
				SWIFT_VERSION = 5.0;
				TARGETED_DEVICE_FAMILY = "1,2";
				TEST_HOST = "$(BUILT_PRODUCTS_DIR)/ModelBinding.app/ModelBinding";
			};
			name = Debug;
		};
		CC05D93726490B83002D0A65 /* Release */ = {
			isa = XCBuildConfiguration;
			buildSettings = {
				ALWAYS_EMBED_SWIFT_STANDARD_LIBRARIES = YES;
				BUNDLE_LOADER = "$(TEST_HOST)";
				CODE_SIGN_STYLE = Automatic;
				INFOPLIST_FILE = ModelBindingTests/Info.plist;
				IPHONEOS_DEPLOYMENT_TARGET = 14.0;
				LD_RUNPATH_SEARCH_PATHS = (
					"$(inherited)",
					"@executable_path/Frameworks",
					"@loader_path/Frameworks",
				);
				PRODUCT_BUNDLE_IDENTIFIER = ntut.edu.tw.selab1421.no97.ModelBindingTests;
				PRODUCT_NAME = "$(TARGET_NAME)";
				SWIFT_VERSION = 5.0;
				TARGETED_DEVICE_FAMILY = "1,2";
				TEST_HOST = "$(BUILT_PRODUCTS_DIR)/ModelBinding.app/ModelBinding";
			};
			name = Release;
		};
		CC05D93926490B83002D0A65 /* Debug */ = {
			isa = XCBuildConfiguration;
			buildSettings = {
				ALWAYS_EMBED_SWIFT_STANDARD_LIBRARIES = YES;
				CODE_SIGN_STYLE = Automatic;
				INFOPLIST_FILE = ModelBindingUITests/Info.plist;
				LD_RUNPATH_SEARCH_PATHS = (
					"$(inherited)",
					"@executable_path/Frameworks",
					"@loader_path/Frameworks",
				);
				PRODUCT_BUNDLE_IDENTIFIER = ntut.edu.tw.selab1421.no97.ModelBindingUITests;
				PRODUCT_NAME = "$(TARGET_NAME)";
				SWIFT_VERSION = 5.0;
				TARGETED_DEVICE_FAMILY = "1,2";
				TEST_TARGET_NAME = ModelBinding;
			};
			name = Debug;
		};
		CC05D93A26490B83002D0A65 /* Release */ = {
			isa = XCBuildConfiguration;
			buildSettings = {
				ALWAYS_EMBED_SWIFT_STANDARD_LIBRARIES = YES;
				CODE_SIGN_STYLE = Automatic;
				INFOPLIST_FILE = ModelBindingUITests/Info.plist;
				LD_RUNPATH_SEARCH_PATHS = (
					"$(inherited)",
					"@executable_path/Frameworks",
					"@loader_path/Frameworks",
				);
				PRODUCT_BUNDLE_IDENTIFIER = ntut.edu.tw.selab1421.no97.ModelBindingUITests;
				PRODUCT_NAME = "$(TARGET_NAME)";
				SWIFT_VERSION = 5.0;
				TARGETED_DEVICE_FAMILY = "1,2";
				TEST_TARGET_NAME = ModelBinding;
			};
			name = Release;
		};
/* End XCBuildConfiguration section */

/* Begin XCConfigurationList section */
		CC05D90826490B81002D0A65 /* Build configuration list for PBXProject "ModelBinding" */ = {
			isa = XCConfigurationList;
			buildConfigurations = (
				CC05D93026490B83002D0A65 /* Debug */,
				CC05D93126490B83002D0A65 /* Release */,
			);
			defaultConfigurationIsVisible = 0;
			defaultConfigurationName = Release;
		};
		CC05D93226490B83002D0A65 /* Build configuration list for PBXNativeTarget "ModelBinding" */ = {
			isa = XCConfigurationList;
			buildConfigurations = (
				CC05D93326490B83002D0A65 /* Debug */,
				CC05D93426490B83002D0A65 /* Release */,
			);
			defaultConfigurationIsVisible = 0;
			defaultConfigurationName = Release;
		};
		CC05D93526490B83002D0A65 /* Build configuration list for PBXNativeTarget "ModelBindingTests" */ = {
			isa = XCConfigurationList;
			buildConfigurations = (
				CC05D93626490B83002D0A65 /* Debug */,
				CC05D93726490B83002D0A65 /* Release */,
			);
			defaultConfigurationIsVisible = 0;
			defaultConfigurationName = Release;
		};
		CC05D93826490B83002D0A65 /* Build configuration list for PBXNativeTarget "ModelBindingUITests" */ = {
			isa = XCConfigurationList;
			buildConfigurations = (
				CC05D93926490B83002D0A65 /* Debug */,
				CC05D93A26490B83002D0A65 /* Release */,
			);
			defaultConfigurationIsVisible = 0;
			defaultConfigurationName = Release;
		};
/* End XCConfigurationList section */
	};
	rootObject = CC05D90526490B81002D0A65 /* Project object */;
}
